
Microsoft Visual Studio Solution File, Format Version 12.00
# Visual Studio Version 17
VisualStudioVersion = 17.3.32929.385
MinimumVisualStudioVersion = 10.0.40219.1
Project("{FAE04EC0-301F-11D3-BF4B-00C04F79EFBC}") = "H4.Forms.Oef1", "H4.Forms.Oef1\H4.Forms.Oef1.csproj", "{61D8780F-EB83-4EAA-A51A-70AF9A20EB83}"
EndProject
Global
	GlobalSection(SolutionConfigurationPlatforms) = preSolution
		Debug|Any CPU = Debug|Any CPU
		Release|Any CPU = Release|Any CPU
	EndGlobalSection
	GlobalSection(ProjectConfigurationPlatforms) = postSolution
		{61D8780F-EB83-4EAA-A51A-70AF9A20EB83}.Debug|Any CPU.ActiveCfg = Debug|Any CPU
		{61D8780F-EB83-4EAA-A51A-70AF9A20EB83}.Debug|Any CPU.Build.0 = Debug|Any CPU
		{61D8780F-EB83-4EAA-A51A-70AF9A20EB83}.Release|Any CPU.ActiveCfg = Release|Any CPU
		{61D8780F-EB83-4EAA-A51A-70AF9A20EB83}.Release|Any CPU.Build.0 = Release|Any CPU
	EndGlobalSection
	GlobalSection(SolutionProperties) = preSolution
		HideSolutionNode = FALSE
	EndGlobalSection
	GlobalSection(ExtensibilityGlobals) = postSolution
		SolutionGuid = {3911A240-CC67-4F5F-AE5B-982AC22F2D45}
	EndGlobalSection
EndGlobal
